
Microsoft Visual Studio Solution File, Format Version 12.00
# Visual Studio Version 17
VisualStudioVersion = 17.0.31903.59
MinimumVisualStudioVersion = 10.0.40219.1
Project("{9A19103F-16F7-4668-BE54-9A1E7A4F7556}") = "CommerceApi", "src\CommerceApi\CommerceApi.csproj", "{2617416E-07DE-4321-B006-C0923D2E4311}"
EndProject
Project("{2150E333-8FDC-42A3-9474-1A3956D46DE8}") = "Solution Items", "Solution Items", "{4BED8925-329E-423B-BDA7-8252F0CA9D43}"
	ProjectSection(SolutionItems) = preProject
		.editorconfig = .editorconfig
		.gitignore = .gitignore
		LICENSE = LICENSE
		README.md = README.md
	EndProjectSection
EndProject
Project("{9A19103F-16F7-4668-BE54-9A1E7A4F7556}") = "CommerceApi.Authentication", "src\CommerceApi.Authentication\CommerceApi.Authentication.csproj", "{A3C1BA7F-D19F-454D-B2EA-214968E3AB97}"
EndProject
Project("{9A19103F-16F7-4668-BE54-9A1E7A4F7556}") = "CommerceApi.Authorization", "src\CommerceApi.Authorization\CommerceApi.Authorization.csproj", "{98AB2786-28C0-4B54-A1D7-B70CDFC90387}"
EndProject
Project("{9A19103F-16F7-4668-BE54-9A1E7A4F7556}") = "CommerceApi.BusinessLayer", "src\CommerceApi.BusinessLayer\CommerceApi.BusinessLayer.csproj", "{D07C3EB2-5366-4743-8655-9DCB9A435819}"
EndProject
Project("{9A19103F-16F7-4668-BE54-9A1E7A4F7556}") = "CommerceApi.DataAccessLayer", "src\CommerceApi.DataAccessLayer\CommerceApi.DataAccessLayer.csproj", "{04230D7D-D79A-431D-A19D-2FCDCBA40BF3}"
EndProject
Project("{9A19103F-16F7-4668-BE54-9A1E7A4F7556}") = "CommerceApi.SharedServices", "src\CommerceApi.SharedServices\CommerceApi.SharedServices.csproj", "{7E628823-ABE0-4304-859D-925487A14CC7}"
EndProject
Project("{9A19103F-16F7-4668-BE54-9A1E7A4F7556}") = "CommerceApi.Shared", "src\CommerceApi.Shared\CommerceApi.Shared.csproj", "{DC719367-7E4B-435F-B986-1676F430DBE5}"
EndProject
Project("{9A19103F-16F7-4668-BE54-9A1E7A4F7556}") = "CommerceApi.StorageProviders", "src\CommerceApi.StorageProviders\CommerceApi.StorageProviders.csproj", "{94DB43D3-36C4-4194-82B0-28B91F1C3D94}"
EndProject
Project("{9A19103F-16F7-4668-BE54-9A1E7A4F7556}") = "CommerceApi.Logging", "src\CommerceApi.Logging\CommerceApi.Logging.csproj", "{B08960AA-8C5C-406B-9A48-99A5A0D5A39B}"
EndProject
Project("{9A19103F-16F7-4668-BE54-9A1E7A4F7556}") = "CommerceApi.Security", "src\CommerceApi.Security\CommerceApi.Security.csproj", "{4F56C6D4-FA33-4357-A03C-27DBF849A05F}"
EndProject
Project("{9A19103F-16F7-4668-BE54-9A1E7A4F7556}") = "CommerceApi.Client", "src\CommerceApi.Client\CommerceApi.Client.csproj", "{425947CE-58C8-4A85-97AD-5BA3AC14222E}"
EndProject
Project("{9A19103F-16F7-4668-BE54-9A1E7A4F7556}") = "CommerceApi.ClientContext", "src\CommerceApi.ClientContext\CommerceApi.ClientContext.csproj", "{8F257EDA-801B-4A74-AA29-3523E9D0B62E}"
EndProject
Project("{9A19103F-16F7-4668-BE54-9A1E7A4F7556}") = "CommerceApi.TenantContext", "src\CommerceApi.TenantContext\CommerceApi.TenantContext.csproj", "{FC78172E-BA84-4826-BD45-05086833809C}"
EndProject
Project("{00D1A9C2-B5F0-4AF3-8072-F6C62B433612}") = "CommerceApi.Database", "src\CommerceApi.Database\CommerceApi.Database.sqlproj", "{00D99841-521A-4D23-9172-D18537E24046}"
EndProject
Project("{9A19103F-16F7-4668-BE54-9A1E7A4F7556}") = "CommerceApi.DataProtectionLayer", "src\CommerceApi.DataProtectionLayer\CommerceApi.DataProtectionLayer.csproj", "{7C02EF1F-2B80-4719-9465-A4B9290BC0B7}"
EndProject
Project("{2150E333-8FDC-42A3-9474-1A3956D46DE8}") = "src", "src", "{06819659-57D2-4BA4-8C63-10A6E6953586}"
EndProject
Project("{9A19103F-16F7-4668-BE54-9A1E7A4F7556}") = "CommerceApi.Swagger", "src\CommerceApi.Swagger\CommerceApi.Swagger.csproj", "{CD46534A-59A5-41CA-BE8D-DADF082761F0}"
EndProject
Project("{FAE04EC0-301F-11D3-BF4B-00C04F79EFBC}") = "CommerceApi.Proxies", "src\CommerceApi.Proxies\CommerceApi.Proxies.csproj", "{2950D4CD-AFE4-4731-BD34-0F84E7D73817}"
EndProject
Global
	GlobalSection(SolutionConfigurationPlatforms) = preSolution
		Debug|Any CPU = Debug|Any CPU
		Release|Any CPU = Release|Any CPU
	EndGlobalSection
	GlobalSection(ProjectConfigurationPlatforms) = postSolution
		{2617416E-07DE-4321-B006-C0923D2E4311}.Debug|Any CPU.ActiveCfg = Debug|Any CPU
		{2617416E-07DE-4321-B006-C0923D2E4311}.Debug|Any CPU.Build.0 = Debug|Any CPU
		{2617416E-07DE-4321-B006-C0923D2E4311}.Release|Any CPU.ActiveCfg = Release|Any CPU
		{2617416E-07DE-4321-B006-C0923D2E4311}.Release|Any CPU.Build.0 = Release|Any CPU
		{A3C1BA7F-D19F-454D-B2EA-214968E3AB97}.Debug|Any CPU.ActiveCfg = Debug|Any CPU
		{A3C1BA7F-D19F-454D-B2EA-214968E3AB97}.Debug|Any CPU.Build.0 = Debug|Any CPU
		{A3C1BA7F-D19F-454D-B2EA-214968E3AB97}.Release|Any CPU.ActiveCfg = Release|Any CPU
		{A3C1BA7F-D19F-454D-B2EA-214968E3AB97}.Release|Any CPU.Build.0 = Release|Any CPU
		{98AB2786-28C0-4B54-A1D7-B70CDFC90387}.Debug|Any CPU.ActiveCfg = Debug|Any CPU
		{98AB2786-28C0-4B54-A1D7-B70CDFC90387}.Debug|Any CPU.Build.0 = Debug|Any CPU
		{98AB2786-28C0-4B54-A1D7-B70CDFC90387}.Release|Any CPU.ActiveCfg = Release|Any CPU
		{98AB2786-28C0-4B54-A1D7-B70CDFC90387}.Release|Any CPU.Build.0 = Release|Any CPU
		{D07C3EB2-5366-4743-8655-9DCB9A435819}.Debug|Any CPU.ActiveCfg = Debug|Any CPU
		{D07C3EB2-5366-4743-8655-9DCB9A435819}.Debug|Any CPU.Build.0 = Debug|Any CPU
		{D07C3EB2-5366-4743-8655-9DCB9A435819}.Release|Any CPU.ActiveCfg = Release|Any CPU
		{D07C3EB2-5366-4743-8655-9DCB9A435819}.Release|Any CPU.Build.0 = Release|Any CPU
		{04230D7D-D79A-431D-A19D-2FCDCBA40BF3}.Debug|Any CPU.ActiveCfg = Debug|Any CPU
		{04230D7D-D79A-431D-A19D-2FCDCBA40BF3}.Debug|Any CPU.Build.0 = Debug|Any CPU
		{04230D7D-D79A-431D-A19D-2FCDCBA40BF3}.Release|Any CPU.ActiveCfg = Release|Any CPU
		{04230D7D-D79A-431D-A19D-2FCDCBA40BF3}.Release|Any CPU.Build.0 = Release|Any CPU
		{7E628823-ABE0-4304-859D-925487A14CC7}.Debug|Any CPU.ActiveCfg = Debug|Any CPU
		{7E628823-ABE0-4304-859D-925487A14CC7}.Debug|Any CPU.Build.0 = Debug|Any CPU
		{7E628823-ABE0-4304-859D-925487A14CC7}.Release|Any CPU.ActiveCfg = Release|Any CPU
		{7E628823-ABE0-4304-859D-925487A14CC7}.Release|Any CPU.Build.0 = Release|Any CPU
		{DC719367-7E4B-435F-B986-1676F430DBE5}.Debug|Any CPU.ActiveCfg = Debug|Any CPU
		{DC719367-7E4B-435F-B986-1676F430DBE5}.Debug|Any CPU.Build.0 = Debug|Any CPU
		{DC719367-7E4B-435F-B986-1676F430DBE5}.Release|Any CPU.ActiveCfg = Release|Any CPU
		{DC719367-7E4B-435F-B986-1676F430DBE5}.Release|Any CPU.Build.0 = Release|Any CPU
		{94DB43D3-36C4-4194-82B0-28B91F1C3D94}.Debug|Any CPU.ActiveCfg = Debug|Any CPU
		{94DB43D3-36C4-4194-82B0-28B91F1C3D94}.Debug|Any CPU.Build.0 = Debug|Any CPU
		{94DB43D3-36C4-4194-82B0-28B91F1C3D94}.Release|Any CPU.ActiveCfg = Release|Any CPU
		{94DB43D3-36C4-4194-82B0-28B91F1C3D94}.Release|Any CPU.Build.0 = Release|Any CPU
		{B08960AA-8C5C-406B-9A48-99A5A0D5A39B}.Debug|Any CPU.ActiveCfg = Debug|Any CPU
		{B08960AA-8C5C-406B-9A48-99A5A0D5A39B}.Debug|Any CPU.Build.0 = Debug|Any CPU
		{B08960AA-8C5C-406B-9A48-99A5A0D5A39B}.Release|Any CPU.ActiveCfg = Release|Any CPU
		{B08960AA-8C5C-406B-9A48-99A5A0D5A39B}.Release|Any CPU.Build.0 = Release|Any CPU
		{4F56C6D4-FA33-4357-A03C-27DBF849A05F}.Debug|Any CPU.ActiveCfg = Debug|Any CPU
		{4F56C6D4-FA33-4357-A03C-27DBF849A05F}.Debug|Any CPU.Build.0 = Debug|Any CPU
		{4F56C6D4-FA33-4357-A03C-27DBF849A05F}.Release|Any CPU.ActiveCfg = Release|Any CPU
		{4F56C6D4-FA33-4357-A03C-27DBF849A05F}.Release|Any CPU.Build.0 = Release|Any CPU
		{425947CE-58C8-4A85-97AD-5BA3AC14222E}.Debug|Any CPU.ActiveCfg = Debug|Any CPU
		{425947CE-58C8-4A85-97AD-5BA3AC14222E}.Debug|Any CPU.Build.0 = Debug|Any CPU
		{425947CE-58C8-4A85-97AD-5BA3AC14222E}.Release|Any CPU.ActiveCfg = Release|Any CPU
		{425947CE-58C8-4A85-97AD-5BA3AC14222E}.Release|Any CPU.Build.0 = Release|Any CPU
		{8F257EDA-801B-4A74-AA29-3523E9D0B62E}.Debug|Any CPU.ActiveCfg = Debug|Any CPU
		{8F257EDA-801B-4A74-AA29-3523E9D0B62E}.Debug|Any CPU.Build.0 = Debug|Any CPU
		{8F257EDA-801B-4A74-AA29-3523E9D0B62E}.Release|Any CPU.ActiveCfg = Release|Any CPU
		{8F257EDA-801B-4A74-AA29-3523E9D0B62E}.Release|Any CPU.Build.0 = Release|Any CPU
		{FC78172E-BA84-4826-BD45-05086833809C}.Debug|Any CPU.ActiveCfg = Debug|Any CPU
		{FC78172E-BA84-4826-BD45-05086833809C}.Debug|Any CPU.Build.0 = Debug|Any CPU
		{FC78172E-BA84-4826-BD45-05086833809C}.Release|Any CPU.ActiveCfg = Release|Any CPU
		{FC78172E-BA84-4826-BD45-05086833809C}.Release|Any CPU.Build.0 = Release|Any CPU
		{00D99841-521A-4D23-9172-D18537E24046}.Debug|Any CPU.ActiveCfg = Debug|Any CPU
		{00D99841-521A-4D23-9172-D18537E24046}.Debug|Any CPU.Build.0 = Debug|Any CPU
		{00D99841-521A-4D23-9172-D18537E24046}.Debug|Any CPU.Deploy.0 = Debug|Any CPU
		{00D99841-521A-4D23-9172-D18537E24046}.Release|Any CPU.ActiveCfg = Release|Any CPU
		{00D99841-521A-4D23-9172-D18537E24046}.Release|Any CPU.Build.0 = Release|Any CPU
		{00D99841-521A-4D23-9172-D18537E24046}.Release|Any CPU.Deploy.0 = Release|Any CPU
		{7C02EF1F-2B80-4719-9465-A4B9290BC0B7}.Debug|Any CPU.ActiveCfg = Debug|Any CPU
		{7C02EF1F-2B80-4719-9465-A4B9290BC0B7}.Debug|Any CPU.Build.0 = Debug|Any CPU
		{7C02EF1F-2B80-4719-9465-A4B9290BC0B7}.Release|Any CPU.ActiveCfg = Release|Any CPU
		{7C02EF1F-2B80-4719-9465-A4B9290BC0B7}.Release|Any CPU.Build.0 = Release|Any CPU
		{CD46534A-59A5-41CA-BE8D-DADF082761F0}.Debug|Any CPU.ActiveCfg = Debug|Any CPU
		{CD46534A-59A5-41CA-BE8D-DADF082761F0}.Debug|Any CPU.Build.0 = Debug|Any CPU
		{CD46534A-59A5-41CA-BE8D-DADF082761F0}.Release|Any CPU.ActiveCfg = Release|Any CPU
		{CD46534A-59A5-41CA-BE8D-DADF082761F0}.Release|Any CPU.Build.0 = Release|Any CPU
		{2950D4CD-AFE4-4731-BD34-0F84E7D73817}.Debug|Any CPU.ActiveCfg = Debug|Any CPU
		{2950D4CD-AFE4-4731-BD34-0F84E7D73817}.Debug|Any CPU.Build.0 = Debug|Any CPU
		{2950D4CD-AFE4-4731-BD34-0F84E7D73817}.Release|Any CPU.ActiveCfg = Release|Any CPU
		{2950D4CD-AFE4-4731-BD34-0F84E7D73817}.Release|Any CPU.Build.0 = Release|Any CPU
	EndGlobalSection
	GlobalSection(SolutionProperties) = preSolution
		HideSolutionNode = FALSE
	EndGlobalSection
	GlobalSection(NestedProjects) = preSolution
		{2617416E-07DE-4321-B006-C0923D2E4311} = {06819659-57D2-4BA4-8C63-10A6E6953586}
		{A3C1BA7F-D19F-454D-B2EA-214968E3AB97} = {06819659-57D2-4BA4-8C63-10A6E6953586}
		{98AB2786-28C0-4B54-A1D7-B70CDFC90387} = {06819659-57D2-4BA4-8C63-10A6E6953586}
		{D07C3EB2-5366-4743-8655-9DCB9A435819} = {06819659-57D2-4BA4-8C63-10A6E6953586}
		{04230D7D-D79A-431D-A19D-2FCDCBA40BF3} = {06819659-57D2-4BA4-8C63-10A6E6953586}
		{7E628823-ABE0-4304-859D-925487A14CC7} = {06819659-57D2-4BA4-8C63-10A6E6953586}
		{DC719367-7E4B-435F-B986-1676F430DBE5} = {06819659-57D2-4BA4-8C63-10A6E6953586}
		{94DB43D3-36C4-4194-82B0-28B91F1C3D94} = {06819659-57D2-4BA4-8C63-10A6E6953586}
		{B08960AA-8C5C-406B-9A48-99A5A0D5A39B} = {06819659-57D2-4BA4-8C63-10A6E6953586}
		{4F56C6D4-FA33-4357-A03C-27DBF849A05F} = {06819659-57D2-4BA4-8C63-10A6E6953586}
		{425947CE-58C8-4A85-97AD-5BA3AC14222E} = {06819659-57D2-4BA4-8C63-10A6E6953586}
		{8F257EDA-801B-4A74-AA29-3523E9D0B62E} = {06819659-57D2-4BA4-8C63-10A6E6953586}
		{FC78172E-BA84-4826-BD45-05086833809C} = {06819659-57D2-4BA4-8C63-10A6E6953586}
		{00D99841-521A-4D23-9172-D18537E24046} = {06819659-57D2-4BA4-8C63-10A6E6953586}
		{7C02EF1F-2B80-4719-9465-A4B9290BC0B7} = {06819659-57D2-4BA4-8C63-10A6E6953586}
		{CD46534A-59A5-41CA-BE8D-DADF082761F0} = {06819659-57D2-4BA4-8C63-10A6E6953586}
		{2950D4CD-AFE4-4731-BD34-0F84E7D73817} = {06819659-57D2-4BA4-8C63-10A6E6953586}
	EndGlobalSection
	GlobalSection(ExtensibilityGlobals) = postSolution
		SolutionGuid = {390C601E-E068-4BF2-A251-4C5583EB7152}
	EndGlobalSection
EndGlobal
